<?xml version="1.0" encoding="utf-8"?>
<Project ToolsVersion="4.0" xmlns="http://schemas.microsoft.com/developer/msbuild/2003">
  <ItemGroup>
    <Filter Include="OpenGL">
      <UniqueIdentifier>{135e3fc9-c99a-4e48-acf2-a50d22e80e80}</UniqueIdentifier>
    </Filter>
    <Filter Include="ImGui">
      <UniqueIdentifier>{d3d68c1a-3ae7-4fb2-9f19-d96dd1551db5}</UniqueIdentifier>
    </Filter>
    <Filter Include="Solution">
      <UniqueIdentifier>{bcc3bd04-3f4c-4ca8-bc6f-703568f127bd}</UniqueIdentifier>
    </Filter>
    <Filter Include="Solution\Violet 3D">
      <UniqueIdentifier>{4199de56-1c93-4001-8e37-88b9dc6a97e2}</UniqueIdentifier>
    </Filter>
    <Filter Include="Solution\Violet 3D\Shaders">
      <UniqueIdentifier>{cc6ea615-c9ef-4a91-9e7d-be7c5c6aefed}</UniqueIdentifier>
    </Filter>
    <Filter Include="Solution\Violet 3D\Modules">
      <UniqueIdentifier>{b56f1cb9-6535-4802-853e-f67e7c383f9b}</UniqueIdentifier>
    </Filter>
    <Filter Include="Solution\Violet 3D\Modules\Header Files">
      <UniqueIdentifier>{41b8da1a-c04a-4e49-badf-dd8de53db307}</UniqueIdentifier>
    </Filter>
    <Filter Include="Solution\Violet 3D\Modules\Header Files\Header Only">
      <UniqueIdentifier>{a85b20c0-3734-4d4b-8377-7c74afffa742}</UniqueIdentifier>
    </Filter>
    <Filter Include="Solution\Violet 3D\Modules\Source Files">
      <UniqueIdentifier>{5a581682-c2c1-4596-810d-a90f1ff45766}</UniqueIdentifier>
    </Filter>
    <Filter Include="Solution\Realistic Progression 3D">
      <UniqueIdentifier>{49ddf830-275e-4fd4-a5d3-ffa5f0bed93f}</UniqueIdentifier>
    </Filter>
    <Filter Include="Solution\Violet 3D\Modules\Source Files\Camera">
      <UniqueIdentifier>{a606d69a-4a44-4a73-a67e-c14969742a8d}</UniqueIdentifier>
    </Filter>
    <Filter Include="Solution\Violet 3D\Modules\Source Files\Mesh">
      <UniqueIdentifier>{28f8f13a-4f64-4349-a026-59461abdcc2a}</UniqueIdentifier>
    </Filter>
    <Filter Include="Solution\Violet 3D\Modules\Source Files\Window">
      <UniqueIdentifier>{f06ff017-7444-46b0-a3fd-98110f8d2656}</UniqueIdentifier>
    </Filter>
    <Filter Include="Solution\Realistic Progression 3D\Header Files">
      <UniqueIdentifier>{25be4bb0-6ba4-49c9-8aab-1771eaeee455}</UniqueIdentifier>
    </Filter>
    <Filter Include="Solution\Realistic Progression 3D\Source Files">
      <UniqueIdentifier>{2539f346-14f8-4cd5-9951-558ceb61a4d3}</UniqueIdentifier>
    </Filter>
  </ItemGroup>
  <ItemGroup>
    <ClCompile Include="OpenGL\glad.c">
      <Filter>OpenGL</Filter>
    </ClCompile>
    <ClCompile Include="ImGui\imgui.cpp">
      <Filter>ImGui</Filter>
    </ClCompile>
    <ClCompile Include="ImGui\imgui_demo.cpp">
      <Filter>ImGui</Filter>
    </ClCompile>
    <ClCompile Include="ImGui\imgui_draw.cpp">
      <Filter>ImGui</Filter>
    </ClCompile>
    <ClCompile Include="ImGui\imgui_impl_glfw.cpp">
      <Filter>ImGui</Filter>
    </ClCompile>
    <ClCompile Include="ImGui\imgui_impl_opengl3.cpp">
      <Filter>ImGui</Filter>
    </ClCompile>
    <ClCompile Include="ImGui\imgui_tables.cpp">
      <Filter>ImGui</Filter>
    </ClCompile>
    <ClCompile Include="ImGui\imgui_widgets.cpp">
      <Filter>ImGui</Filter>
    </ClCompile>
    <ClCompile Include="Color.cpp">
      <Filter>Solution\Violet 3D\Modules\Source Files</Filter>
    </ClCompile>
    <ClCompile Include="Keyboard.cpp">
      <Filter>Solution\Violet 3D\Modules\Source Files</Filter>
    </ClCompile>
    <ClCompile Include="Vector.double3.cpp">
      <Filter>Solution\Violet 3D\Modules\Source Files</Filter>
    </ClCompile>
    <ClCompile Include="Vector.float3.cpp">
      <Filter>Solution\Violet 3D\Modules\Source Files</Filter>
    </ClCompile>
    <ClCompile Include="Matrix.cpp">
      <Filter>Solution\Violet 3D\Modules\Source Files</Filter>
    </ClCompile>
    <ClCompile Include="Transformation.cpp">
      <Filter>Solution\Violet 3D\Modules\Source Files</Filter>
    </ClCompile>
    <ClCompile Include="Quaternion.cpp">
      <Filter>Solution\Violet 3D\Modules\Source Files</Filter>
    </ClCompile>
    <ClCompile Include="Mouse.cpp">
      <Filter>Solution\Violet 3D\Modules\Source Files</Filter>
    </ClCompile>
    <ClCompile Include="main.cpp">
      <Filter>Solution\Realistic Progression 3D</Filter>
    </ClCompile>
    <ClCompile Include="Camera.Projection.cpp">
      <Filter>Solution\Violet 3D\Modules\Source Files\Camera</Filter>
    </ClCompile>
    <ClCompile Include="Camera.Transformation.cpp">
      <Filter>Solution\Violet 3D\Modules\Source Files\Camera</Filter>
    </ClCompile>
    <ClCompile Include="Mesh.Constructor.cpp">
      <Filter>Solution\Violet 3D\Modules\Source Files\Mesh</Filter>
    </ClCompile>
    <ClCompile Include="Mesh.Getters.cpp">
      <Filter>Solution\Violet 3D\Modules\Source Files\Mesh</Filter>
    </ClCompile>
    <ClCompile Include="Mesh.Shape.cpp">
      <Filter>Solution\Violet 3D\Modules\Source Files\Mesh</Filter>
    </ClCompile>
    <ClCompile Include="Mesh.Transformation.cpp">
      <Filter>Solution\Violet 3D\Modules\Source Files\Mesh</Filter>
    </ClCompile>
    <ClCompile Include="Mesh.Utilitys.cpp">
      <Filter>Solution\Violet 3D\Modules\Source Files\Mesh</Filter>
    </ClCompile>
    <ClCompile Include="Window.Callback.cpp">
      <Filter>Solution\Violet 3D\Modules\Source Files\Window</Filter>
    </ClCompile>
    <ClCompile Include="Window.Constructor.cpp">
      <Filter>Solution\Violet 3D\Modules\Source Files\Window</Filter>
    </ClCompile>
    <ClCompile Include="Window.Rendering.cpp">
      <Filter>Solution\Violet 3D\Modules\Source Files\Window</Filter>
    </ClCompile>
  </ItemGroup>
  <ItemGroup>
    <ClInclude Include="ImGui\imconfig.h">
      <Filter>ImGui</Filter>
    </ClInclude>
    <ClInclude Include="ImGui\imgui.h">
      <Filter>ImGui</Filter>
    </ClInclude>
    <ClInclude Include="ImGui\imgui_impl_glfw.h">
      <Filter>ImGui</Filter>
    </ClInclude>
    <ClInclude Include="ImGui\imgui_impl_opengl3.h">
      <Filter>ImGui</Filter>
    </ClInclude>
    <ClInclude Include="ImGui\imgui_impl_opengl3_loader.h">
      <Filter>ImGui</Filter>
    </ClInclude>
    <ClInclude Include="ImGui\imgui_internal.h">
      <Filter>ImGui</Filter>
    </ClInclude>
    <ClInclude Include="ImGui\imstb_rectpack.h">
      <Filter>ImGui</Filter>
    </ClInclude>
    <ClInclude Include="ImGui\imstb_textedit.h">
      <Filter>ImGui</Filter>
    </ClInclude>
    <ClInclude Include="ImGui\imstb_truetype.h">
      <Filter>ImGui</Filter>
    </ClInclude>
    <ClInclude Include="Color.h">
      <Filter>Solution\Violet 3D\Modules\Header Files</Filter>
    </ClInclude>
    <ClInclude Include="Matrix.h">
      <Filter>Solution\Violet 3D\Modules\Header Files</Filter>
    </ClInclude>
    <ClInclude Include="Quaternion.h">
      <Filter>Solution\Violet 3D\Modules\Header Files</Filter>
    </ClInclude>
    <ClInclude Include="Keyboard.h">
      <Filter>Solution\Violet 3D\Modules\Header Files</Filter>
    </ClInclude>
    <ClInclude Include="Vector3d.h">
      <Filter>Solution\Violet 3D\Modules\Header Files</Filter>
    </ClInclude>
    <ClInclude Include="Vector3f.h">
      <Filter>Solution\Violet 3D\Modules\Header Files</Filter>
    </ClInclude>
    <ClInclude Include="Transformation.h">
      <Filter>Solution\Violet 3D\Modules\Header Files</Filter>
    </ClInclude>
    <ClInclude Include="Vertex.h">
      <Filter>Solution\Violet 3D\Modules\Header Files\Header Only</Filter>
    </ClInclude>
    <ClInclude Include="gl_keyEvent.h">
      <Filter>Solution\Violet 3D\Modules\Header Files\Header Only</Filter>
    </ClInclude>
    <ClInclude Include="Violet.h">
      <Filter>Solution\Violet 3D\Modules\Header Files\Header Only</Filter>
    </ClInclude>
    <ClInclude Include="Error.h">
      <Filter>Solution\Violet 3D\Modules\Header Files\Header Only</Filter>
    </ClInclude>
    <ClInclude Include="Window.h">
      <Filter>Solution\Violet 3D\Modules\Header Files</Filter>
    </ClInclude>
    <ClInclude Include="Camera.h">
      <Filter>Solution\Violet 3D\Modules\Header Files</Filter>
    </ClInclude>
    <ClInclude Include="Mesh.h">
      <Filter>Solution\Violet 3D\Modules\Header Files</Filter>
    </ClInclude>
    <ClInclude Include="Mouse.h">
      <Filter>Solution\Violet 3D\Modules\Header Files</Filter>
    </ClInclude>
    <ClInclude Include="gl_mouseEvent.h">
      <Filter>Solution\Violet 3D\Modules\Header Files\Header Only</Filter>
    </ClInclude>
    <ClInclude Include="Vector2d.h">
      <Filter>Solution\Violet 3D\Modules\Header Files\Header Only</Filter>
    </ClInclude>
    <ClInclude Include="Vector2f.h">
      <Filter>Solution\Violet 3D\Modules\Header Files\Header Only</Filter>
    </ClInclude>
  </ItemGroup>
  <ItemGroup>
    <None Include="default.vert">
      <Filter>Solution\Violet 3D\Shaders</Filter>
    </None>
    <None Include="default.frag">
      <Filter>Solution\Violet 3D\Shaders</Filter>
    </None>
  </ItemGroup>
  <ItemGroup>
    <Text Include="TODO.txt" />
  </ItemGroup>
</Project>