<?xml version="1.0" encoding="utf-8"?>
<Project ToolsVersion="4.0" xmlns="http://schemas.microsoft.com/developer/msbuild/2003">
  <ItemGroup>
    <Filter Include="OpenGL">
      <UniqueIdentifier>{135e3fc9-c99a-4e48-acf2-a50d22e80e80}</UniqueIdentifier>
    </Filter>
    <Filter Include="ImGui">
      <UniqueIdentifier>{d3d68c1a-3ae7-4fb2-9f19-d96dd1551db5}</UniqueIdentifier>
    </Filter>
    <Filter Include="Code">
      <UniqueIdentifier>{4FC737F1-C7A5-4376-A066-2A32D752A2FF}</UniqueIdentifier>
      <Extensions>cpp;c;cc;cxx;c++;cppm;ixx;def;odl;idl;hpj;bat;asm;asmx</Extensions>
    </Filter>
    <Filter Include="Code\Header Files">
      <UniqueIdentifier>{41b8da1a-c04a-4e49-badf-dd8de53db307}</UniqueIdentifier>
    </Filter>
    <Filter Include="Code\Source Files">
      <UniqueIdentifier>{5a581682-c2c1-4596-810d-a90f1ff45766}</UniqueIdentifier>
    </Filter>
    <Filter Include="Code\Shaders">
      <UniqueIdentifier>{cc6ea615-c9ef-4a91-9e7d-be7c5c6aefed}</UniqueIdentifier>
    </Filter>
  </ItemGroup>
  <ItemGroup>
    <ClCompile Include="OpenGL\glad.c">
      <Filter>OpenGL</Filter>
    </ClCompile>
    <ClCompile Include="ImGui\imgui.cpp">
      <Filter>ImGui</Filter>
    </ClCompile>
    <ClCompile Include="ImGui\imgui_demo.cpp">
      <Filter>ImGui</Filter>
    </ClCompile>
    <ClCompile Include="ImGui\imgui_draw.cpp">
      <Filter>ImGui</Filter>
    </ClCompile>
    <ClCompile Include="ImGui\imgui_impl_glfw.cpp">
      <Filter>ImGui</Filter>
    </ClCompile>
    <ClCompile Include="ImGui\imgui_impl_opengl3.cpp">
      <Filter>ImGui</Filter>
    </ClCompile>
    <ClCompile Include="ImGui\imgui_tables.cpp">
      <Filter>ImGui</Filter>
    </ClCompile>
    <ClCompile Include="ImGui\imgui_widgets.cpp">
      <Filter>ImGui</Filter>
    </ClCompile>
    <ClCompile Include="Color.cpp">
      <Filter>Code\Source Files</Filter>
    </ClCompile>
    <ClCompile Include="Keyboard.Members.cpp">
      <Filter>Code\Source Files</Filter>
    </ClCompile>
    <ClCompile Include="Mesh.Manipulation.cpp">
      <Filter>Code\Source Files</Filter>
    </ClCompile>
    <ClCompile Include="Mesh.Members.cpp">
      <Filter>Code\Source Files</Filter>
    </ClCompile>
    <ClCompile Include="Mesh_Constructor.cpp">
      <Filter>Code\Source Files</Filter>
    </ClCompile>
    <ClCompile Include="Mesh.Shapes.cpp">
      <Filter>Code\Source Files</Filter>
    </ClCompile>
    <ClCompile Include="Double3.cpp">
      <Filter>Code\Source Files</Filter>
    </ClCompile>
    <ClCompile Include="Float3.cpp">
      <Filter>Code\Source Files</Filter>
    </ClCompile>
    <ClCompile Include="Window.Callback.cpp">
      <Filter>Code\Source Files</Filter>
    </ClCompile>
    <ClCompile Include="Window.Constructor.cpp">
      <Filter>Code\Source Files</Filter>
    </ClCompile>
    <ClCompile Include="Window.Utilities.cpp">
      <Filter>Code\Source Files</Filter>
    </ClCompile>
    <ClCompile Include="Window.Rendering.cpp">
      <Filter>Code\Source Files</Filter>
    </ClCompile>
    <ClCompile Include="main.cpp">
      <Filter>Code</Filter>
    </ClCompile>
    <ClCompile Include="Matrix.cpp">
      <Filter>Code\Source Files</Filter>
    </ClCompile>
    <ClCompile Include="Transformation.cpp">
      <Filter>Code\Source Files</Filter>
    </ClCompile>
    <ClCompile Include="Quaternion.cpp">
      <Filter>Code\Source Files</Filter>
    </ClCompile>
  </ItemGroup>
  <ItemGroup>
    <ClInclude Include="ImGui\imconfig.h">
      <Filter>ImGui</Filter>
    </ClInclude>
    <ClInclude Include="ImGui\imgui.h">
      <Filter>ImGui</Filter>
    </ClInclude>
    <ClInclude Include="ImGui\imgui_impl_glfw.h">
      <Filter>ImGui</Filter>
    </ClInclude>
    <ClInclude Include="ImGui\imgui_impl_opengl3.h">
      <Filter>ImGui</Filter>
    </ClInclude>
    <ClInclude Include="ImGui\imgui_impl_opengl3_loader.h">
      <Filter>ImGui</Filter>
    </ClInclude>
    <ClInclude Include="ImGui\imgui_internal.h">
      <Filter>ImGui</Filter>
    </ClInclude>
    <ClInclude Include="ImGui\imstb_rectpack.h">
      <Filter>ImGui</Filter>
    </ClInclude>
    <ClInclude Include="ImGui\imstb_textedit.h">
      <Filter>ImGui</Filter>
    </ClInclude>
    <ClInclude Include="ImGui\imstb_truetype.h">
      <Filter>ImGui</Filter>
    </ClInclude>
    <ClInclude Include="Camera.h">
      <Filter>Code\Header Files</Filter>
    </ClInclude>
    <ClInclude Include="Color.h">
      <Filter>Code\Header Files</Filter>
    </ClInclude>
    <ClInclude Include="Core.h">
      <Filter>Code\Header Files</Filter>
    </ClInclude>
    <ClInclude Include="Error.h">
      <Filter>Code\Header Files</Filter>
    </ClInclude>
    <ClInclude Include="Matrix.h">
      <Filter>Code\Header Files</Filter>
    </ClInclude>
    <ClInclude Include="Quaternion.h">
      <Filter>Code\Header Files</Filter>
    </ClInclude>
    <ClInclude Include="Vertex.h">
      <Filter>Code\Header Files</Filter>
    </ClInclude>
    <ClInclude Include="Keyboard.h">
      <Filter>Code\Header Files</Filter>
    </ClInclude>
    <ClInclude Include="Mesh.h">
      <Filter>Code\Header Files</Filter>
    </ClInclude>
    <ClInclude Include="Double3.h">
      <Filter>Code\Header Files</Filter>
    </ClInclude>
    <ClInclude Include="Float3.h">
      <Filter>Code\Header Files</Filter>
    </ClInclude>
    <ClInclude Include="Window.h">
      <Filter>Code\Header Files</Filter>
    </ClInclude>
    <ClInclude Include="Transformation.h">
      <Filter>Code\Header Files</Filter>
    </ClInclude>
  </ItemGroup>
  <ItemGroup>
    <None Include="default.vert">
      <Filter>Code\Shaders</Filter>
    </None>
    <None Include="default.frag">
      <Filter>Code\Shaders</Filter>
    </None>
  </ItemGroup>
</Project>